<?xml version="1.0" encoding="utf-8"?>
<Project ToolsVersion="4.0" xmlns="http://schemas.microsoft.com/developer/msbuild/2003">
  <ItemGroup>
    <Filter Include="Source Files">
      <UniqueIdentifier>{4FC737F1-C7A5-4376-A066-2A32D752A2FF}</UniqueIdentifier>
      <Extensions>cpp;c;cc;cxx;def;odl;idl;hpj;bat;asm;asmx</Extensions>
    </Filter>
  </ItemGroup>
  <ItemGroup>
    <ClCompile Include="Display.cpp">
      <Filter>Source Files</Filter>
    </ClCompile>
    <ClCompile Include="main.cpp">
      <Filter>Source Files</Filter>
    </ClCompile>
    <ClCompile Include="mesh.cpp">
      <Filter>Source Files</Filter>
    </ClCompile>
    <ClCompile Include="Shader.cpp">
      <Filter>Source Files</Filter>
    </ClCompile>
    <ClCompile Include="texture.cpp">
      <Filter>Source Files</Filter>
    </ClCompile>
    <ClCompile Include="obj_loader.cpp">
      <Filter>Source Files</Filter>
    </ClCompile>
    <ClCompile Include="online.h">
      <Filter>Source Files</Filter>
    </ClCompile>
    <ClCompile Include="global_dic.h">
      <Filter>Source Files</Filter>
    </ClCompile>
    <ClCompile Include="text.h">
      <Filter>Source Files</Filter>
    </ClCompile>
    <ClCompile Include="include\glad\glad.c">
      <Filter>Source Files</Filter>
    </ClCompile>
    <ClCompile Include="Model.cpp">
      <Filter>Source Files</Filter>
    </ClCompile>
  </ItemGroup>
  <ItemGroup>
    <ClInclude Include="Display.h">
      <Filter>Source Files</Filter>
    </ClInclude>
    <ClInclude Include="mesh.h" />
    <ClInclude Include="Shader.h" />
    <ClInclude Include="texture.h" />
    <ClInclude Include="stb_image.h" />
    <ClInclude Include="Transform.h" />
    <ClInclude Include="camera.h" />
    <ClInclude Include="obj_loader.h" />
    <ClInclude Include="util.h" />
    <ClInclude Include="include\GLFW\glfw3.h" />
    <ClInclude Include="include\GLFW\glfw3native.h" />
    <ClInclude Include="include\glad\glad.h" />
    <ClInclude Include="Model.h" />
  </ItemGroup>
  <ItemGroup>
    <None Include="res\shaders\shader1.fs" />
    <None Include="res\shaders\shader1.vs" />
    <None Include="res\shaders\shader2.fs" />
    <None Include="res\shaders\shader2.vs" />
    <None Include="res\shaders\shaderLight.fs" />
    <None Include="res\shaders\shaderLight.vs" />
    <None Include="res\shaders\shaderLightCube.fs" />
    <None Include="res\shaders\shaderLightCube.vs" />
    <None Include="res\backpack\backpack.mtl" />
    <None Include="res\backpack\model_loading.fs" />
    <None Include="res\backpack\model_loading.vs" />
    <None Include="res\shaders\shaderSingleColor.fs" />
    <None Include="res\shaders\shaderSingleColor.vs" />
    <None Include="res\shaders\text.vs" />
    <None Include="res\shaders\text.fs" />
    <None Include="res\shaders\btn.vs" />
  </ItemGroup>
  <ItemGroup>
    <Text Include="res\shaders\2d.txt" />
    <Text Include="res\backpack\source_attribution.txt" />
  </ItemGroup>
  <ItemGroup>
    <Image Include="res\backpack\ao.jpg" />
    <Image Include="res\backpack\diffuse.jpg" />
    <Image Include="res\backpack\normal.png" />
    <Image Include="res\backpack\roughness.jpg" />
    <Image Include="res\backpack\specular.jpg" />
  </ItemGroup>
</Project>