
Microsoft Visual Studio Solution File, Format Version 12.00
# Visual Studio Version 17
VisualStudioVersion = 17.0.31919.166
MinimumVisualStudioVersion = 10.0.40219.1
Project("{8BC9CEB8-8B4A-11D0-8D11-00A0C91BC942}") = "client-T", "opengltest1\opengltest1.vcxproj", "{5B2EA5A6-9CC2-4A90-875E-2C2F988B90BF}"
EndProject
Project("{8BC9CEB8-8B4A-11D0-8D11-00A0C91BC942}") = "server-t", "server-t\server-t.vcxproj", "{1411E83E-E5CE-47EE-BDF3-943860BED90D}"
EndProject
Global
	GlobalSection(SolutionConfigurationPlatforms) = preSolution
		Debug|x64 = Debug|x64
		Debug|x86 = Debug|x86
		Release|x64 = Release|x64
		Release|x86 = Release|x86
	EndGlobalSection
	GlobalSection(ProjectConfigurationPlatforms) = postSolution
		{5B2EA5A6-9CC2-4A90-875E-2C2F988B90BF}.Debug|x64.ActiveCfg = Debug|x64
		{5B2EA5A6-9CC2-4A90-875E-2C2F988B90BF}.Debug|x64.Build.0 = Debug|x64
		{5B2EA5A6-9CC2-4A90-875E-2C2F988B90BF}.Debug|x86.ActiveCfg = Debug|Win32
		{5B2EA5A6-9CC2-4A90-875E-2C2F988B90BF}.Debug|x86.Build.0 = Debug|Win32
		{5B2EA5A6-9CC2-4A90-875E-2C2F988B90BF}.Release|x64.ActiveCfg = Release|x64
		{5B2EA5A6-9CC2-4A90-875E-2C2F988B90BF}.Release|x64.Build.0 = Release|x64
		{5B2EA5A6-9CC2-4A90-875E-2C2F988B90BF}.Release|x86.ActiveCfg = Release|Win32
		{5B2EA5A6-9CC2-4A90-875E-2C2F988B90BF}.Release|x86.Build.0 = Release|Win32
		{1411E83E-E5CE-47EE-BDF3-943860BED90D}.Debug|x64.ActiveCfg = Debug|x64
		{1411E83E-E5CE-47EE-BDF3-943860BED90D}.Debug|x64.Build.0 = Debug|x64
		{1411E83E-E5CE-47EE-BDF3-943860BED90D}.Debug|x86.ActiveCfg = Debug|Win32
		{1411E83E-E5CE-47EE-BDF3-943860BED90D}.Debug|x86.Build.0 = Debug|Win32
		{1411E83E-E5CE-47EE-BDF3-943860BED90D}.Release|x64.ActiveCfg = Release|x64
		{1411E83E-E5CE-47EE-BDF3-943860BED90D}.Release|x64.Build.0 = Release|x64
		{1411E83E-E5CE-47EE-BDF3-943860BED90D}.Release|x86.ActiveCfg = Release|Win32
		{1411E83E-E5CE-47EE-BDF3-943860BED90D}.Release|x86.Build.0 = Release|Win32
	EndGlobalSection
	GlobalSection(SolutionProperties) = preSolution
		HideSolutionNode = FALSE
	EndGlobalSection
	GlobalSection(ExtensibilityGlobals) = postSolution
		SolutionGuid = {25CBCC96-C933-486D-AD9E-FB0E6380631A}
	EndGlobalSection
EndGlobal
